
Microsoft Visual Studio Solution File, Format Version 12.00
# Visual Studio 15
Project("{FAE04EC0-301F-11D3-BF4B-00C04F79EFBC}") = "AstarPathfindingProjectEditor", "AstarPathfindingProjectEditor.csproj", "{1E7037DF-B49F-3E76-C6E9-8B291D8FF875}"
EndProject
Project("{FAE04EC0-301F-11D3-BF4B-00C04F79EFBC}") = "AstarPathfindingProject", "AstarPathfindingProject.csproj", "{74CB1A90-5E5D-B98B-08EA-446557650395}"
EndProject
Project("{FAE04EC0-301F-11D3-BF4B-00C04F79EFBC}") = "Assembly-CSharp", "Assembly-CSharp.csproj", "{760C3C8E-4038-4128-6F13-A5C3379F636E}"
EndProject
Project("{FAE04EC0-301F-11D3-BF4B-00C04F79EFBC}") = "PackageToolsEditor", "PackageToolsEditor.csproj", "{4BCC01A7-6704-2A91-DF5A-3F5F3224351A}"
EndProject
Global
	GlobalSection(SolutionConfigurationPlatforms) = preSolution
		Debug|Any CPU = Debug|Any CPU
		Release|Any CPU = Release|Any CPU
	EndGlobalSection
	GlobalSection(ProjectConfigurationPlatforms) = postSolution
		{1E7037DF-B49F-3E76-C6E9-8B291D8FF875}.Debug|Any CPU.ActiveCfg = Debug|Any CPU
		{1E7037DF-B49F-3E76-C6E9-8B291D8FF875}.Debug|Any CPU.Build.0 = Debug|Any CPU
		{1E7037DF-B49F-3E76-C6E9-8B291D8FF875}.Release|Any CPU.ActiveCfg = Release|Any CPU
		{1E7037DF-B49F-3E76-C6E9-8B291D8FF875}.Release|Any CPU.Build.0 = Release|Any CPU
		{74CB1A90-5E5D-B98B-08EA-446557650395}.Debug|Any CPU.ActiveCfg = Debug|Any CPU
		{74CB1A90-5E5D-B98B-08EA-446557650395}.Debug|Any CPU.Build.0 = Debug|Any CPU
		{74CB1A90-5E5D-B98B-08EA-446557650395}.Release|Any CPU.ActiveCfg = Release|Any CPU
		{74CB1A90-5E5D-B98B-08EA-446557650395}.Release|Any CPU.Build.0 = Release|Any CPU
		{760C3C8E-4038-4128-6F13-A5C3379F636E}.Debug|Any CPU.ActiveCfg = Debug|Any CPU
		{760C3C8E-4038-4128-6F13-A5C3379F636E}.Debug|Any CPU.Build.0 = Debug|Any CPU
		{760C3C8E-4038-4128-6F13-A5C3379F636E}.Release|Any CPU.ActiveCfg = Release|Any CPU
		{760C3C8E-4038-4128-6F13-A5C3379F636E}.Release|Any CPU.Build.0 = Release|Any CPU
		{4BCC01A7-6704-2A91-DF5A-3F5F3224351A}.Debug|Any CPU.ActiveCfg = Debug|Any CPU
		{4BCC01A7-6704-2A91-DF5A-3F5F3224351A}.Debug|Any CPU.Build.0 = Debug|Any CPU
		{4BCC01A7-6704-2A91-DF5A-3F5F3224351A}.Release|Any CPU.ActiveCfg = Release|Any CPU
		{4BCC01A7-6704-2A91-DF5A-3F5F3224351A}.Release|Any CPU.Build.0 = Release|Any CPU
	EndGlobalSection
	GlobalSection(SolutionProperties) = preSolution
		HideSolutionNode = FALSE
	EndGlobalSection
EndGlobal
